// !$*UTF8*$!
{
	archiveVersion = 1;
	classes = {
	};
	objectVersion = 50;
	objects = {

/* Begin PBXBuildFile section */
		430197A7221182F2009EAC41 /* UITextView + hashtags.swift in Sources */ = {isa = PBXBuildFile; fileRef = 430197A6221182F2009EAC41 /* UITextView + hashtags.swift */; };
		4301BF3221EF758F00CB377C /* DatabaseManager.swift in Sources */ = {isa = PBXBuildFile; fileRef = 4301BF3121EF758F00CB377C /* DatabaseManager.swift */; };
		430FB34421E3877B003C83D1 /* SearchCell.swift in Sources */ = {isa = PBXBuildFile; fileRef = 430FB34321E3877B003C83D1 /* SearchCell.swift */; };
		4312A9F02213E481006D6FE9 /* Identifier.swift in Sources */ = {isa = PBXBuildFile; fileRef = 4312A9EF2213E481006D6FE9 /* Identifier.swift */; };
		431BCDAF21F9B72600B8C8A5 /* Router.swift in Sources */ = {isa = PBXBuildFile; fileRef = 431BCDAE21F9B72600B8C8A5 /* Router.swift */; };
		431BCDB121F9E8E000B8C8A5 /* UserDataViewModel.swift in Sources */ = {isa = PBXBuildFile; fileRef = 431BCDB021F9E8E000B8C8A5 /* UserDataViewModel.swift */; };
		431BCDB321F9F77F00B8C8A5 /* UserHeaderDataCell.swift in Sources */ = {isa = PBXBuildFile; fileRef = 431BCDB221F9F77F00B8C8A5 /* UserHeaderDataCell.swift */; };
		431D054721E4D13900C20BC3 /* UserDefaultsManager.swift in Sources */ = {isa = PBXBuildFile; fileRef = 431D054621E4D13900C20BC3 /* UserDefaultsManager.swift */; };
		43295CED2209F20000F6C74B /* UIViewController + listeners.swift in Sources */ = {isa = PBXBuildFile; fileRef = 43295CEC2209F20000F6C74B /* UIViewController + listeners.swift */; };
		433C58CF21E4DC2300BCD083 /* SearchSectionController.swift in Sources */ = {isa = PBXBuildFile; fileRef = 433C58CE21E4DC2300BCD083 /* SearchSectionController.swift */; };
		4355B29721EC9299000093EF /* FeedSectionController.swift in Sources */ = {isa = PBXBuildFile; fileRef = 4355B29621EC9299000093EF /* FeedSectionController.swift */; };
		435883C521E21B57000DA3EE /* UserHeaderSectionController.swift in Sources */ = {isa = PBXBuildFile; fileRef = 435883C421E21B57000DA3EE /* UserHeaderSectionController.swift */; };
		435883C821E2223E000DA3EE /* UserImageViewModel.swift in Sources */ = {isa = PBXBuildFile; fileRef = 435883C721E2223E000DA3EE /* UserImageViewModel.swift */; };
		435CBBEC21DDCEDC00646A35 /* GoogleService-Info.plist in Resources */ = {isa = PBXBuildFile; fileRef = 435CBBEB21DDCEDB00646A35 /* GoogleService-Info.plist */; };
		435CBBED21DDCEDC00646A35 /* GoogleService-Info.plist in Resources */ = {isa = PBXBuildFile; fileRef = 435CBBEB21DDCEDB00646A35 /* GoogleService-Info.plist */; };
		435CBBEE21DDCEDC00646A35 /* GoogleService-Info.plist in Resources */ = {isa = PBXBuildFile; fileRef = 435CBBEB21DDCEDB00646A35 /* GoogleService-Info.plist */; };
		435CBBF521DDD4C300646A35 /* User.swift in Sources */ = {isa = PBXBuildFile; fileRef = 435CBBF421DDD4C300646A35 /* User.swift */; };
		435CBBF821DDD51000646A35 /* Post.swift in Sources */ = {isa = PBXBuildFile; fileRef = 435CBBF721DDD51000646A35 /* Post.swift */; };
		435CBBFA21DDD51F00646A35 /* Comment.swift in Sources */ = {isa = PBXBuildFile; fileRef = 435CBBF921DDD51F00646A35 /* Comment.swift */; };
		4364432F220ABEA6003D54D0 /* Observer.swift in Sources */ = {isa = PBXBuildFile; fileRef = 4364432E220ABEA6003D54D0 /* Observer.swift */; };
		43644331220AD3B7003D54D0 /* Loader.swift in Sources */ = {isa = PBXBuildFile; fileRef = 43644330220AD3B7003D54D0 /* Loader.swift */; };
		438E895321E0A7D9006D20D0 /* UserViewController.swift in Sources */ = {isa = PBXBuildFile; fileRef = 438E895221E0A7D9006D20D0 /* UserViewController.swift */; };
		438E895521E0A7E9006D20D0 /* SearchViewController.swift in Sources */ = {isa = PBXBuildFile; fileRef = 438E895421E0A7E9006D20D0 /* SearchViewController.swift */; };
		439204D421DF2BE10031CFCB /* UITextView + centerVertically.swift in Sources */ = {isa = PBXBuildFile; fileRef = 439204D321DF2BE10031CFCB /* UITextView + centerVertically.swift */; };
		439FC52F21E31B6B00EB7954 /* UserHeaderImageCell.swift in Sources */ = {isa = PBXBuildFile; fileRef = 439FC52E21E31B6B00EB7954 /* UserHeaderImageCell.swift */; };
		439FC53121E31CE100EB7954 /* UserHeaderDetailCell.swift in Sources */ = {isa = PBXBuildFile; fileRef = 439FC53021E31CE100EB7954 /* UserHeaderDetailCell.swift */; };
		439FC53321E31DF900EB7954 /* UserDetailViewModel.swift in Sources */ = {isa = PBXBuildFile; fileRef = 439FC53221E31DF900EB7954 /* UserDetailViewModel.swift */; };
		439FC53521E342FD00EB7954 /* UserBodySectionController.swift in Sources */ = {isa = PBXBuildFile; fileRef = 439FC53421E342FD00EB7954 /* UserBodySectionController.swift */; };
		43AD430321FEE9EF003AA749 /* ViewMoreCell.swift in Sources */ = {isa = PBXBuildFile; fileRef = 43AD430221FEE9EF003AA749 /* ViewMoreCell.swift */; };
		43AD430521FEF70A003AA749 /* ViewMore.swift in Sources */ = {isa = PBXBuildFile; fileRef = 43AD430421FEF70A003AA749 /* ViewMore.swift */; };
		43AD430721FEF9D8003AA749 /* ViewMoreSectionController.swift in Sources */ = {isa = PBXBuildFile; fileRef = 43AD430621FEF9D8003AA749 /* ViewMoreSectionController.swift */; };
		43B0693521DE5902005387C3 /* SpinnerCell.swift in Sources */ = {isa = PBXBuildFile; fileRef = 43B0693421DE5902005387C3 /* SpinnerCell.swift */; };
		43B0693721DE5A1C005387C3 /* createPostViewController.swift in Sources */ = {isa = PBXBuildFile; fileRef = 43B0693621DE5A1C005387C3 /* createPostViewController.swift */; };
		43B7CF6221DD2C4A00F08EDC /* AppDelegate.swift in Sources */ = {isa = PBXBuildFile; fileRef = 43B7CF6121DD2C4A00F08EDC /* AppDelegate.swift */; };
		43B7CF6421DD2C4A00F08EDC /* SignUpViewController.swift in Sources */ = {isa = PBXBuildFile; fileRef = 43B7CF6321DD2C4A00F08EDC /* SignUpViewController.swift */; };
		43B7CF6721DD2C4A00F08EDC /* Main.storyboard in Resources */ = {isa = PBXBuildFile; fileRef = 43B7CF6521DD2C4A00F08EDC /* Main.storyboard */; };
		43B7CF6921DD2C4B00F08EDC /* Assets.xcassets in Resources */ = {isa = PBXBuildFile; fileRef = 43B7CF6821DD2C4B00F08EDC /* Assets.xcassets */; };
		43B7CF6C21DD2C4B00F08EDC /* LaunchScreen.storyboard in Resources */ = {isa = PBXBuildFile; fileRef = 43B7CF6A21DD2C4B00F08EDC /* LaunchScreen.storyboard */; };
		43B7CF7721DD2C4B00F08EDC /* nutesappTests.swift in Sources */ = {isa = PBXBuildFile; fileRef = 43B7CF7621DD2C4B00F08EDC /* nutesappTests.swift */; };
		43B7CF8221DD2C4B00F08EDC /* nutesappUITests.swift in Sources */ = {isa = PBXBuildFile; fileRef = 43B7CF8121DD2C4B00F08EDC /* nutesappUITests.swift */; };
		43C1D0FB21DE2C04002D720D /* FirestoreManager.swift in Sources */ = {isa = PBXBuildFile; fileRef = 43C1D0FA21DE2C04002D720D /* FirestoreManager.swift */; };
		43C1D0FD21DE394A002D720D /* FeedViewController.swift in Sources */ = {isa = PBXBuildFile; fileRef = 43C1D0FC21DE394A002D720D /* FeedViewController.swift */; };
		43C1D0FF21DE44B2002D720D /* PostHeaderViewModel.swift in Sources */ = {isa = PBXBuildFile; fileRef = 43C1D0FE21DE44B2002D720D /* PostHeaderViewModel.swift */; };
		43C1D10221DE450D002D720D /* ImageViewModel.swift in Sources */ = {isa = PBXBuildFile; fileRef = 43C1D10121DE450D002D720D /* ImageViewModel.swift */; };
		43C1D10421DE453B002D720D /* ActionViewModel.swift in Sources */ = {isa = PBXBuildFile; fileRef = 43C1D10321DE453B002D720D /* ActionViewModel.swift */; };
		43C1D10621DE4543002D720D /* CommentViewModel.swift in Sources */ = {isa = PBXBuildFile; fileRef = 43C1D10521DE4543002D720D /* CommentViewModel.swift */; };
		43C1D10A21DE4DDA002D720D /* ImageCell.swift in Sources */ = {isa = PBXBuildFile; fileRef = 43C1D10921DE4DDA002D720D /* ImageCell.swift */; };
		43C1D10D21DE4E9D002D720D /* PostHeaderCell.swift in Sources */ = {isa = PBXBuildFile; fileRef = 43C1D10C21DE4E9D002D720D /* PostHeaderCell.swift */; };
		43C1D10F21DE4EAB002D720D /* ActionCell.swift in Sources */ = {isa = PBXBuildFile; fileRef = 43C1D10E21DE4EAB002D720D /* ActionCell.swift */; };
		43C1D11121DE4EB5002D720D /* CommentCell.swift in Sources */ = {isa = PBXBuildFile; fileRef = 43C1D11021DE4EB5002D720D /* CommentCell.swift */; };
		43C1D11321DE4F17002D720D /* AttributedText.swift in Sources */ = {isa = PBXBuildFile; fileRef = 43C1D11221DE4F17002D720D /* AttributedText.swift */; };
		43C1D11621DE4F8A002D720D /* NSMutableAttributedString + bold.swift in Sources */ = {isa = PBXBuildFile; fileRef = 43C1D11521DE4F8A002D720D /* NSMutableAttributedString + bold.swift */; };
		43C1D11821DE5004002D720D /* Formatter + separator.swift in Sources */ = {isa = PBXBuildFile; fileRef = 43C1D11721DE5004002D720D /* Formatter + separator.swift */; };
		43C1D11A21DE506D002D720D /* ActionTimer.swift in Sources */ = {isa = PBXBuildFile; fileRef = 43C1D11921DE506D002D720D /* ActionTimer.swift */; };
		43C1D11C21DE50C4002D720D /* Date + timeAgo.swift in Sources */ = {isa = PBXBuildFile; fileRef = 43C1D11B21DE50C4002D720D /* Date + timeAgo.swift */; };
		43C1D11E21DE50FC002D720D /* UIView + IBInspectables.swift in Sources */ = {isa = PBXBuildFile; fileRef = 43C1D11D21DE50FC002D720D /* UIView + IBInspectables.swift */; };
		43C58F5B2208160B0002CF5B /* UIViewController + keyboardNotifs.swift in Sources */ = {isa = PBXBuildFile; fileRef = 43C58F5A2208160B0002CF5B /* UIViewController + keyboardNotifs.swift */; };
		43C58F5D220820550002CF5B /* TimestampCell.swift in Sources */ = {isa = PBXBuildFile; fileRef = 43C58F5C220820550002CF5B /* TimestampCell.swift */; };
		43C58F5F220821700002CF5B /* TimestampViewModel.swift in Sources */ = {isa = PBXBuildFile; fileRef = 43C58F5E220821700002CF5B /* TimestampViewModel.swift */; };
		43CBFBBC21ECCCE600192ADA /* CommentActionCell.swift in Sources */ = {isa = PBXBuildFile; fileRef = 43CBFBBB21ECCCE600192ADA /* CommentActionCell.swift */; };
		43CBFBBE21ECCF4D00192ADA /* CommentViewController.swift in Sources */ = {isa = PBXBuildFile; fileRef = 43CBFBBD21ECCF4D00192ADA /* CommentViewController.swift */; };
		43CBFBC021ECCF8600192ADA /* CommentSectionController.swift in Sources */ = {isa = PBXBuildFile; fileRef = 43CBFBBF21ECCF8600192ADA /* CommentSectionController.swift */; };
		FE97F2583C761A5D2EBBBE1C /* Pods_nutesapp.framework in Frameworks */ = {isa = PBXBuildFile; fileRef = 63C2C5452072E7E0CCC7D170 /* Pods_nutesapp.framework */; };
/* End PBXBuildFile section */

/* Begin PBXContainerItemProxy section */
		43B7CF7321DD2C4B00F08EDC /* PBXContainerItemProxy */ = {
			isa = PBXContainerItemProxy;
			containerPortal = 43B7CF5621DD2C4A00F08EDC /* Project object */;
			proxyType = 1;
			remoteGlobalIDString = 43B7CF5D21DD2C4A00F08EDC;
			remoteInfo = nutesapp;
		};
		43B7CF7E21DD2C4B00F08EDC /* PBXContainerItemProxy */ = {
			isa = PBXContainerItemProxy;
			containerPortal = 43B7CF5621DD2C4A00F08EDC /* Project object */;
			proxyType = 1;
			remoteGlobalIDString = 43B7CF5D21DD2C4A00F08EDC;
			remoteInfo = nutesapp;
		};
/* End PBXContainerItemProxy section */

/* Begin PBXFileReference section */
		0664D9B09A2CBE49341984AE /* Pods-nutesapp.release.xcconfig */ = {isa = PBXFileReference; includeInIndex = 1; lastKnownFileType = text.xcconfig; name = "Pods-nutesapp.release.xcconfig"; path = "Pods/Target Support Files/Pods-nutesapp/Pods-nutesapp.release.xcconfig"; sourceTree = "<group>"; };
		430197A6221182F2009EAC41 /* UITextView + hashtags.swift */ = {isa = PBXFileReference; lastKnownFileType = sourcecode.swift; path = "UITextView + hashtags.swift"; sourceTree = "<group>"; };
		4301BF3121EF758F00CB377C /* DatabaseManager.swift */ = {isa = PBXFileReference; lastKnownFileType = sourcecode.swift; path = DatabaseManager.swift; sourceTree = "<group>"; };
		430FB34321E3877B003C83D1 /* SearchCell.swift */ = {isa = PBXFileReference; lastKnownFileType = sourcecode.swift; path = SearchCell.swift; sourceTree = "<group>"; };
		4312A9EF2213E481006D6FE9 /* Identifier.swift */ = {isa = PBXFileReference; lastKnownFileType = sourcecode.swift; path = Identifier.swift; sourceTree = "<group>"; };
		431BCDAE21F9B72600B8C8A5 /* Router.swift */ = {isa = PBXFileReference; lastKnownFileType = sourcecode.swift; path = Router.swift; sourceTree = "<group>"; };
		431BCDB021F9E8E000B8C8A5 /* UserDataViewModel.swift */ = {isa = PBXFileReference; lastKnownFileType = sourcecode.swift; path = UserDataViewModel.swift; sourceTree = "<group>"; };
		431BCDB221F9F77F00B8C8A5 /* UserHeaderDataCell.swift */ = {isa = PBXFileReference; lastKnownFileType = sourcecode.swift; path = UserHeaderDataCell.swift; sourceTree = "<group>"; };
		431D054621E4D13900C20BC3 /* UserDefaultsManager.swift */ = {isa = PBXFileReference; lastKnownFileType = sourcecode.swift; path = UserDefaultsManager.swift; sourceTree = "<group>"; };
		43295CEC2209F20000F6C74B /* UIViewController + listeners.swift */ = {isa = PBXFileReference; lastKnownFileType = sourcecode.swift; path = "UIViewController + listeners.swift"; sourceTree = "<group>"; };
		433C58CE21E4DC2300BCD083 /* SearchSectionController.swift */ = {isa = PBXFileReference; lastKnownFileType = sourcecode.swift; path = SearchSectionController.swift; sourceTree = "<group>"; };
		4355B29621EC9299000093EF /* FeedSectionController.swift */ = {isa = PBXFileReference; lastKnownFileType = sourcecode.swift; path = FeedSectionController.swift; sourceTree = "<group>"; };
		435883C421E21B57000DA3EE /* UserHeaderSectionController.swift */ = {isa = PBXFileReference; lastKnownFileType = sourcecode.swift; path = UserHeaderSectionController.swift; sourceTree = "<group>"; };
		435883C721E2223E000DA3EE /* UserImageViewModel.swift */ = {isa = PBXFileReference; lastKnownFileType = sourcecode.swift; path = UserImageViewModel.swift; sourceTree = "<group>"; };
		435CBBEB21DDCEDB00646A35 /* GoogleService-Info.plist */ = {isa = PBXFileReference; fileEncoding = 4; lastKnownFileType = text.plist.xml; path = "GoogleService-Info.plist"; sourceTree = "<group>"; };
		435CBBF421DDD4C300646A35 /* User.swift */ = {isa = PBXFileReference; lastKnownFileType = sourcecode.swift; path = User.swift; sourceTree = "<group>"; };
		435CBBF721DDD51000646A35 /* Post.swift */ = {isa = PBXFileReference; lastKnownFileType = sourcecode.swift; path = Post.swift; sourceTree = "<group>"; };
		435CBBF921DDD51F00646A35 /* Comment.swift */ = {isa = PBXFileReference; lastKnownFileType = sourcecode.swift; path = Comment.swift; sourceTree = "<group>"; };
		4364432E220ABEA6003D54D0 /* Observer.swift */ = {isa = PBXFileReference; lastKnownFileType = sourcecode.swift; path = Observer.swift; sourceTree = "<group>"; };
		43644330220AD3B7003D54D0 /* Loader.swift */ = {isa = PBXFileReference; lastKnownFileType = sourcecode.swift; path = Loader.swift; sourceTree = "<group>"; };
		438E895221E0A7D9006D20D0 /* UserViewController.swift */ = {isa = PBXFileReference; lastKnownFileType = sourcecode.swift; path = UserViewController.swift; sourceTree = "<group>"; };
		438E895421E0A7E9006D20D0 /* SearchViewController.swift */ = {isa = PBXFileReference; lastKnownFileType = sourcecode.swift; path = SearchViewController.swift; sourceTree = "<group>"; };
		439204D321DF2BE10031CFCB /* UITextView + centerVertically.swift */ = {isa = PBXFileReference; lastKnownFileType = sourcecode.swift; path = "UITextView + centerVertically.swift"; sourceTree = "<group>"; };
		439FC52E21E31B6B00EB7954 /* UserHeaderImageCell.swift */ = {isa = PBXFileReference; lastKnownFileType = sourcecode.swift; path = UserHeaderImageCell.swift; sourceTree = "<group>"; };
		439FC53021E31CE100EB7954 /* UserHeaderDetailCell.swift */ = {isa = PBXFileReference; lastKnownFileType = sourcecode.swift; path = UserHeaderDetailCell.swift; sourceTree = "<group>"; };
		439FC53221E31DF900EB7954 /* UserDetailViewModel.swift */ = {isa = PBXFileReference; lastKnownFileType = sourcecode.swift; path = UserDetailViewModel.swift; sourceTree = "<group>"; };
		439FC53421E342FD00EB7954 /* UserBodySectionController.swift */ = {isa = PBXFileReference; lastKnownFileType = sourcecode.swift; path = UserBodySectionController.swift; sourceTree = "<group>"; };
		43AD430221FEE9EF003AA749 /* ViewMoreCell.swift */ = {isa = PBXFileReference; lastKnownFileType = sourcecode.swift; path = ViewMoreCell.swift; sourceTree = "<group>"; };
		43AD430421FEF70A003AA749 /* ViewMore.swift */ = {isa = PBXFileReference; lastKnownFileType = sourcecode.swift; path = ViewMore.swift; sourceTree = "<group>"; };
		43AD430621FEF9D8003AA749 /* ViewMoreSectionController.swift */ = {isa = PBXFileReference; lastKnownFileType = sourcecode.swift; path = ViewMoreSectionController.swift; sourceTree = "<group>"; };
		43B0693421DE5902005387C3 /* SpinnerCell.swift */ = {isa = PBXFileReference; lastKnownFileType = sourcecode.swift; path = SpinnerCell.swift; sourceTree = "<group>"; };
		43B0693621DE5A1C005387C3 /* createPostViewController.swift */ = {isa = PBXFileReference; lastKnownFileType = sourcecode.swift; path = createPostViewController.swift; sourceTree = "<group>"; };
		43B7CF5E21DD2C4A00F08EDC /* nutesapp.app */ = {isa = PBXFileReference; explicitFileType = wrapper.application; includeInIndex = 0; path = nutesapp.app; sourceTree = BUILT_PRODUCTS_DIR; };
		43B7CF6121DD2C4A00F08EDC /* AppDelegate.swift */ = {isa = PBXFileReference; lastKnownFileType = sourcecode.swift; path = AppDelegate.swift; sourceTree = "<group>"; };
		43B7CF6321DD2C4A00F08EDC /* SignUpViewController.swift */ = {isa = PBXFileReference; lastKnownFileType = sourcecode.swift; path = SignUpViewController.swift; sourceTree = "<group>"; };
		43B7CF6621DD2C4A00F08EDC /* Base */ = {isa = PBXFileReference; lastKnownFileType = file.storyboard; name = Base; path = Base.lproj/Main.storyboard; sourceTree = "<group>"; };
		43B7CF6821DD2C4B00F08EDC /* Assets.xcassets */ = {isa = PBXFileReference; lastKnownFileType = folder.assetcatalog; path = Assets.xcassets; sourceTree = "<group>"; };
		43B7CF6B21DD2C4B00F08EDC /* Base */ = {isa = PBXFileReference; lastKnownFileType = file.storyboard; name = Base; path = Base.lproj/LaunchScreen.storyboard; sourceTree = "<group>"; };
		43B7CF6D21DD2C4B00F08EDC /* Info.plist */ = {isa = PBXFileReference; lastKnownFileType = text.plist.xml; path = Info.plist; sourceTree = "<group>"; };
		43B7CF7221DD2C4B00F08EDC /* nutesappTests.xctest */ = {isa = PBXFileReference; explicitFileType = wrapper.cfbundle; includeInIndex = 0; path = nutesappTests.xctest; sourceTree = BUILT_PRODUCTS_DIR; };
		43B7CF7621DD2C4B00F08EDC /* nutesappTests.swift */ = {isa = PBXFileReference; lastKnownFileType = sourcecode.swift; path = nutesappTests.swift; sourceTree = "<group>"; };
		43B7CF7821DD2C4B00F08EDC /* Info.plist */ = {isa = PBXFileReference; lastKnownFileType = text.plist.xml; path = Info.plist; sourceTree = "<group>"; };
		43B7CF7D21DD2C4B00F08EDC /* nutesappUITests.xctest */ = {isa = PBXFileReference; explicitFileType = wrapper.cfbundle; includeInIndex = 0; path = nutesappUITests.xctest; sourceTree = BUILT_PRODUCTS_DIR; };
		43B7CF8121DD2C4B00F08EDC /* nutesappUITests.swift */ = {isa = PBXFileReference; lastKnownFileType = sourcecode.swift; path = nutesappUITests.swift; sourceTree = "<group>"; };
		43B7CF8321DD2C4B00F08EDC /* Info.plist */ = {isa = PBXFileReference; lastKnownFileType = text.plist.xml; path = Info.plist; sourceTree = "<group>"; };
		43C1D0FA21DE2C04002D720D /* FirestoreManager.swift */ = {isa = PBXFileReference; lastKnownFileType = sourcecode.swift; path = FirestoreManager.swift; sourceTree = "<group>"; };
		43C1D0FC21DE394A002D720D /* FeedViewController.swift */ = {isa = PBXFileReference; lastKnownFileType = sourcecode.swift; path = FeedViewController.swift; sourceTree = "<group>"; };
		43C1D0FE21DE44B2002D720D /* PostHeaderViewModel.swift */ = {isa = PBXFileReference; lastKnownFileType = sourcecode.swift; path = PostHeaderViewModel.swift; sourceTree = "<group>"; };
		43C1D10121DE450D002D720D /* ImageViewModel.swift */ = {isa = PBXFileReference; lastKnownFileType = sourcecode.swift; path = ImageViewModel.swift; sourceTree = "<group>"; };
		43C1D10321DE453B002D720D /* ActionViewModel.swift */ = {isa = PBXFileReference; lastKnownFileType = sourcecode.swift; path = ActionViewModel.swift; sourceTree = "<group>"; };
		43C1D10521DE4543002D720D /* CommentViewModel.swift */ = {isa = PBXFileReference; lastKnownFileType = sourcecode.swift; path = CommentViewModel.swift; sourceTree = "<group>"; };
		43C1D10921DE4DDA002D720D /* ImageCell.swift */ = {isa = PBXFileReference; lastKnownFileType = sourcecode.swift; path = ImageCell.swift; sourceTree = "<group>"; };
		43C1D10C21DE4E9D002D720D /* PostHeaderCell.swift */ = {isa = PBXFileReference; lastKnownFileType = sourcecode.swift; path = PostHeaderCell.swift; sourceTree = "<group>"; };
		43C1D10E21DE4EAB002D720D /* ActionCell.swift */ = {isa = PBXFileReference; lastKnownFileType = sourcecode.swift; path = ActionCell.swift; sourceTree = "<group>"; };
		43C1D11021DE4EB5002D720D /* CommentCell.swift */ = {isa = PBXFileReference; lastKnownFileType = sourcecode.swift; path = CommentCell.swift; sourceTree = "<group>"; };
		43C1D11221DE4F17002D720D /* AttributedText.swift */ = {isa = PBXFileReference; lastKnownFileType = sourcecode.swift; path = AttributedText.swift; sourceTree = "<group>"; };
		43C1D11521DE4F8A002D720D /* NSMutableAttributedString + bold.swift */ = {isa = PBXFileReference; lastKnownFileType = sourcecode.swift; path = "NSMutableAttributedString + bold.swift"; sourceTree = "<group>"; };
		43C1D11721DE5004002D720D /* Formatter + separator.swift */ = {isa = PBXFileReference; lastKnownFileType = sourcecode.swift; path = "Formatter + separator.swift"; sourceTree = "<group>"; };
		43C1D11921DE506D002D720D /* ActionTimer.swift */ = {isa = PBXFileReference; lastKnownFileType = sourcecode.swift; path = ActionTimer.swift; sourceTree = "<group>"; };
		43C1D11B21DE50C4002D720D /* Date + timeAgo.swift */ = {isa = PBXFileReference; lastKnownFileType = sourcecode.swift; path = "Date + timeAgo.swift"; sourceTree = "<group>"; };
		43C1D11D21DE50FC002D720D /* UIView + IBInspectables.swift */ = {isa = PBXFileReference; lastKnownFileType = sourcecode.swift; path = "UIView + IBInspectables.swift"; sourceTree = "<group>"; };
		43C58F5A2208160B0002CF5B /* UIViewController + keyboardNotifs.swift */ = {isa = PBXFileReference; lastKnownFileType = sourcecode.swift; path = "UIViewController + keyboardNotifs.swift"; sourceTree = "<group>"; };
		43C58F5C220820550002CF5B /* TimestampCell.swift */ = {isa = PBXFileReference; lastKnownFileType = sourcecode.swift; path = TimestampCell.swift; sourceTree = "<group>"; };
		43C58F5E220821700002CF5B /* TimestampViewModel.swift */ = {isa = PBXFileReference; lastKnownFileType = sourcecode.swift; path = TimestampViewModel.swift; sourceTree = "<group>"; };
		43CBFBBB21ECCCE600192ADA /* CommentActionCell.swift */ = {isa = PBXFileReference; lastKnownFileType = sourcecode.swift; path = CommentActionCell.swift; sourceTree = "<group>"; };
		43CBFBBD21ECCF4D00192ADA /* CommentViewController.swift */ = {isa = PBXFileReference; lastKnownFileType = sourcecode.swift; path = CommentViewController.swift; sourceTree = "<group>"; };
		43CBFBBF21ECCF8600192ADA /* CommentSectionController.swift */ = {isa = PBXFileReference; lastKnownFileType = sourcecode.swift; path = CommentSectionController.swift; sourceTree = "<group>"; };
		5C5FB4C67B21E2162CA727F8 /* Pods-nutesapp.debug.xcconfig */ = {isa = PBXFileReference; includeInIndex = 1; lastKnownFileType = text.xcconfig; name = "Pods-nutesapp.debug.xcconfig"; path = "Pods/Target Support Files/Pods-nutesapp/Pods-nutesapp.debug.xcconfig"; sourceTree = "<group>"; };
		63C2C5452072E7E0CCC7D170 /* Pods_nutesapp.framework */ = {isa = PBXFileReference; explicitFileType = wrapper.framework; includeInIndex = 0; path = Pods_nutesapp.framework; sourceTree = BUILT_PRODUCTS_DIR; };
/* End PBXFileReference section */

/* Begin PBXFrameworksBuildPhase section */
		43B7CF5B21DD2C4A00F08EDC /* Frameworks */ = {
			isa = PBXFrameworksBuildPhase;
			buildActionMask = 2147483647;
			files = (
				FE97F2583C761A5D2EBBBE1C /* Pods_nutesapp.framework in Frameworks */,
			);
			runOnlyForDeploymentPostprocessing = 0;
		};
		43B7CF6F21DD2C4B00F08EDC /* Frameworks */ = {
			isa = PBXFrameworksBuildPhase;
			buildActionMask = 2147483647;
			files = (
			);
			runOnlyForDeploymentPostprocessing = 0;
		};
		43B7CF7A21DD2C4B00F08EDC /* Frameworks */ = {
			isa = PBXFrameworksBuildPhase;
			buildActionMask = 2147483647;
			files = (
			);
			runOnlyForDeploymentPostprocessing = 0;
		};
/* End PBXFrameworksBuildPhase section */

/* Begin PBXGroup section */
		1FABA66C1E99F8E74E58A68F /* Frameworks */ = {
			isa = PBXGroup;
			children = (
				63C2C5452072E7E0CCC7D170 /* Pods_nutesapp.framework */,
			);
			name = Frameworks;
			sourceTree = "<group>";
		};
		2DBD99B31FC6E091888EDBF4 /* Pods */ = {
			isa = PBXGroup;
			children = (
				5C5FB4C67B21E2162CA727F8 /* Pods-nutesapp.debug.xcconfig */,
				0664D9B09A2CBE49341984AE /* Pods-nutesapp.release.xcconfig */,
			);
			name = Pods;
			sourceTree = "<group>";
		};
		4312A9F12213E4BE006D6FE9 /* Identifiers */ = {
			isa = PBXGroup;
			children = (
				4312A9EF2213E481006D6FE9 /* Identifier.swift */,
			);
			path = Identifiers;
			sourceTree = "<group>";
		};
		435883C621E2216D000DA3EE /* Section Controllers */ = {
			isa = PBXGroup;
			children = (
				43CBFBBF21ECCF8600192ADA /* CommentSectionController.swift */,
				43AD430621FEF9D8003AA749 /* ViewMoreSectionController.swift */,
				4355B29621EC9299000093EF /* FeedSectionController.swift */,
				433C58CE21E4DC2300BCD083 /* SearchSectionController.swift */,
				435883C421E21B57000DA3EE /* UserHeaderSectionController.swift */,
				439FC53421E342FD00EB7954 /* UserBodySectionController.swift */,
			);
			path = "Section Controllers";
			sourceTree = "<group>";
		};
		435CBBEF21DDD1AD00646A35 /* View Controllers */ = {
			isa = PBXGroup;
			children = (
				43B7CF6321DD2C4A00F08EDC /* SignUpViewController.swift */,
				43CBFBBD21ECCF4D00192ADA /* CommentViewController.swift */,
				43C1D0FC21DE394A002D720D /* FeedViewController.swift */,
				438E895421E0A7E9006D20D0 /* SearchViewController.swift */,
				43B0693621DE5A1C005387C3 /* createPostViewController.swift */,
				438E895221E0A7D9006D20D0 /* UserViewController.swift */,
			);
			path = "View Controllers";
			sourceTree = "<group>";
		};
		435CBBF621DDD4CE00646A35 /* Model */ = {
			isa = PBXGroup;
			children = (
				435CBBF421DDD4C300646A35 /* User.swift */,
				435CBBF721DDD51000646A35 /* Post.swift */,
				435CBBF921DDD51F00646A35 /* Comment.swift */,
				43C1D10021DE44BC002D720D /* View Models */,
			);
			path = Model;
			sourceTree = "<group>";
		};
		43B7CF5521DD2C4A00F08EDC = {
			isa = PBXGroup;
			children = (
				43B7CF6021DD2C4A00F08EDC /* nutesapp */,
				43B7CF7521DD2C4B00F08EDC /* nutesappTests */,
				43B7CF8021DD2C4B00F08EDC /* nutesappUITests */,
				43B7CF5F21DD2C4A00F08EDC /* Products */,
				2DBD99B31FC6E091888EDBF4 /* Pods */,
				1FABA66C1E99F8E74E58A68F /* Frameworks */,
			);
			sourceTree = "<group>";
		};
		43B7CF5F21DD2C4A00F08EDC /* Products */ = {
			isa = PBXGroup;
			children = (
				43B7CF5E21DD2C4A00F08EDC /* nutesapp.app */,
				43B7CF7221DD2C4B00F08EDC /* nutesappTests.xctest */,
				43B7CF7D21DD2C4B00F08EDC /* nutesappUITests.xctest */,
			);
			name = Products;
			sourceTree = "<group>";
		};
		43B7CF6021DD2C4A00F08EDC /* nutesapp */ = {
			isa = PBXGroup;
			children = (
				43B7CF6121DD2C4A00F08EDC /* AppDelegate.swift */,
				43C1D0FA21DE2C04002D720D /* FirestoreManager.swift */,
				4301BF3121EF758F00CB377C /* DatabaseManager.swift */,
				431D054621E4D13900C20BC3 /* UserDefaultsManager.swift */,
				431BCDAE21F9B72600B8C8A5 /* Router.swift */,
				43B7CF6521DD2C4A00F08EDC /* Main.storyboard */,
				4312A9F12213E4BE006D6FE9 /* Identifiers */,
				43C1D11421DE4F1F002D720D /* Extensions */,
				435CBBF621DDD4CE00646A35 /* Model */,
				43C1D10B21DE4DFA002D720D /* Views */,
				435CBBEF21DDD1AD00646A35 /* View Controllers */,
				435883C621E2216D000DA3EE /* Section Controllers */,
				43B7CF6821DD2C4B00F08EDC /* Assets.xcassets */,
				43B7CF6A21DD2C4B00F08EDC /* LaunchScreen.storyboard */,
				43B7CF6D21DD2C4B00F08EDC /* Info.plist */,
				435CBBEB21DDCEDB00646A35 /* GoogleService-Info.plist */,
			);
			path = nutesapp;
			sourceTree = "<group>";
		};
		43B7CF7521DD2C4B00F08EDC /* nutesappTests */ = {
			isa = PBXGroup;
			children = (
				43B7CF7621DD2C4B00F08EDC /* nutesappTests.swift */,
				43B7CF7821DD2C4B00F08EDC /* Info.plist */,
			);
			path = nutesappTests;
			sourceTree = "<group>";
		};
		43B7CF8021DD2C4B00F08EDC /* nutesappUITests */ = {
			isa = PBXGroup;
			children = (
				43B7CF8121DD2C4B00F08EDC /* nutesappUITests.swift */,
				43B7CF8321DD2C4B00F08EDC /* Info.plist */,
			);
			path = nutesappUITests;
			sourceTree = "<group>";
		};
		43C1D10021DE44BC002D720D /* View Models */ = {
			isa = PBXGroup;
			children = (
				43C1D0FE21DE44B2002D720D /* PostHeaderViewModel.swift */,
				43C58F5E220821700002CF5B /* TimestampViewModel.swift */,
				435883C721E2223E000DA3EE /* UserImageViewModel.swift */,
				431BCDB021F9E8E000B8C8A5 /* UserDataViewModel.swift */,
				439FC53221E31DF900EB7954 /* UserDetailViewModel.swift */,
				43C1D10121DE450D002D720D /* ImageViewModel.swift */,
				43C1D10321DE453B002D720D /* ActionViewModel.swift */,
				43C1D10521DE4543002D720D /* CommentViewModel.swift */,
				43AD430421FEF70A003AA749 /* ViewMore.swift */,
			);
			path = "View Models";
			sourceTree = "<group>";
		};
		43C1D10B21DE4DFA002D720D /* Views */ = {
			isa = PBXGroup;
			children = (
				43C1D10921DE4DDA002D720D /* ImageCell.swift */,
				43C58F5C220820550002CF5B /* TimestampCell.swift */,
				43C1D10C21DE4E9D002D720D /* PostHeaderCell.swift */,
				43C1D10E21DE4EAB002D720D /* ActionCell.swift */,
				43C1D11021DE4EB5002D720D /* CommentCell.swift */,
				43CBFBBB21ECCCE600192ADA /* CommentActionCell.swift */,
				43AD430221FEE9EF003AA749 /* ViewMoreCell.swift */,
				430FB34321E3877B003C83D1 /* SearchCell.swift */,
				439FC52E21E31B6B00EB7954 /* UserHeaderImageCell.swift */,
				431BCDB221F9F77F00B8C8A5 /* UserHeaderDataCell.swift */,
				439FC53021E31CE100EB7954 /* UserHeaderDetailCell.swift */,
				43B0693421DE5902005387C3 /* SpinnerCell.swift */,
			);
			path = Views;
			sourceTree = "<group>";
		};
		43C1D11421DE4F1F002D720D /* Extensions */ = {
			isa = PBXGroup;
			children = (
				43C1D11221DE4F17002D720D /* AttributedText.swift */,
				430197A6221182F2009EAC41 /* UITextView + hashtags.swift */,
				43C1D11521DE4F8A002D720D /* NSMutableAttributedString + bold.swift */,
				43C1D11721DE5004002D720D /* Formatter + separator.swift */,
				43C1D11921DE506D002D720D /* ActionTimer.swift */,
				43C1D11B21DE50C4002D720D /* Date + timeAgo.swift */,
				43C1D11D21DE50FC002D720D /* UIView + IBInspectables.swift */,
				439204D321DF2BE10031CFCB /* UITextView + centerVertically.swift */,
				43C58F5A2208160B0002CF5B /* UIViewController + keyboardNotifs.swift */,
				43295CEC2209F20000F6C74B /* UIViewController + listeners.swift */,
				4364432E220ABEA6003D54D0 /* Observer.swift */,
				43644330220AD3B7003D54D0 /* Loader.swift */,
			);
			path = Extensions;
			sourceTree = "<group>";
		};
/* End PBXGroup section */

/* Begin PBXNativeTarget section */
		43B7CF5D21DD2C4A00F08EDC /* nutesapp */ = {
			isa = PBXNativeTarget;
			buildConfigurationList = 43B7CF8621DD2C4B00F08EDC /* Build configuration list for PBXNativeTarget "nutesapp" */;
			buildPhases = (
				E89CCF2C5F7E9C9E8E8EF4D6 /* [CP] Check Pods Manifest.lock */,
				43B7CF5A21DD2C4A00F08EDC /* Sources */,
				43B7CF5B21DD2C4A00F08EDC /* Frameworks */,
				43B7CF5C21DD2C4A00F08EDC /* Resources */,
				57C8C9ABF2F7CC23954AB3CF /* [CP] Embed Pods Frameworks */,
			);
			buildRules = (
			);
			dependencies = (
			);
			name = nutesapp;
			productName = nutesapp;
			productReference = 43B7CF5E21DD2C4A00F08EDC /* nutesapp.app */;
			productType = "com.apple.product-type.application";
		};
		43B7CF7121DD2C4B00F08EDC /* nutesappTests */ = {
			isa = PBXNativeTarget;
			buildConfigurationList = 43B7CF8921DD2C4B00F08EDC /* Build configuration list for PBXNativeTarget "nutesappTests" */;
			buildPhases = (
				43B7CF6E21DD2C4B00F08EDC /* Sources */,
				43B7CF6F21DD2C4B00F08EDC /* Frameworks */,
				43B7CF7021DD2C4B00F08EDC /* Resources */,
			);
			buildRules = (
			);
			dependencies = (
				43B7CF7421DD2C4B00F08EDC /* PBXTargetDependency */,
			);
			name = nutesappTests;
			productName = nutesappTests;
			productReference = 43B7CF7221DD2C4B00F08EDC /* nutesappTests.xctest */;
			productType = "com.apple.product-type.bundle.unit-test";
		};
		43B7CF7C21DD2C4B00F08EDC /* nutesappUITests */ = {
			isa = PBXNativeTarget;
			buildConfigurationList = 43B7CF8C21DD2C4B00F08EDC /* Build configuration list for PBXNativeTarget "nutesappUITests" */;
			buildPhases = (
				43B7CF7921DD2C4B00F08EDC /* Sources */,
				43B7CF7A21DD2C4B00F08EDC /* Frameworks */,
				43B7CF7B21DD2C4B00F08EDC /* Resources */,
			);
			buildRules = (
			);
			dependencies = (
				43B7CF7F21DD2C4B00F08EDC /* PBXTargetDependency */,
			);
			name = nutesappUITests;
			productName = nutesappUITests;
			productReference = 43B7CF7D21DD2C4B00F08EDC /* nutesappUITests.xctest */;
			productType = "com.apple.product-type.bundle.ui-testing";
		};
/* End PBXNativeTarget section */

/* Begin PBXProject section */
		43B7CF5621DD2C4A00F08EDC /* Project object */ = {
			isa = PBXProject;
			attributes = {
				LastSwiftUpdateCheck = 1010;
				LastUpgradeCheck = 1010;
				ORGANIZATIONNAME = "Gary Piong";
				TargetAttributes = {
					43B7CF5D21DD2C4A00F08EDC = {
						CreatedOnToolsVersion = 10.1;
					};
					43B7CF7121DD2C4B00F08EDC = {
						CreatedOnToolsVersion = 10.1;
						TestTargetID = 43B7CF5D21DD2C4A00F08EDC;
					};
					43B7CF7C21DD2C4B00F08EDC = {
						CreatedOnToolsVersion = 10.1;
						TestTargetID = 43B7CF5D21DD2C4A00F08EDC;
					};
				};
			};
			buildConfigurationList = 43B7CF5921DD2C4A00F08EDC /* Build configuration list for PBXProject "nutesapp" */;
			compatibilityVersion = "Xcode 9.3";
			developmentRegion = en;
			hasScannedForEncodings = 0;
			knownRegions = (
				en,
				Base,
			);
			mainGroup = 43B7CF5521DD2C4A00F08EDC;
			productRefGroup = 43B7CF5F21DD2C4A00F08EDC /* Products */;
			projectDirPath = "";
			projectRoot = "";
			targets = (
				43B7CF5D21DD2C4A00F08EDC /* nutesapp */,
				43B7CF7121DD2C4B00F08EDC /* nutesappTests */,
				43B7CF7C21DD2C4B00F08EDC /* nutesappUITests */,
			);
		};
/* End PBXProject section */

/* Begin PBXResourcesBuildPhase section */
		43B7CF5C21DD2C4A00F08EDC /* Resources */ = {
			isa = PBXResourcesBuildPhase;
			buildActionMask = 2147483647;
			files = (
				43B7CF6C21DD2C4B00F08EDC /* LaunchScreen.storyboard in Resources */,
				435CBBEC21DDCEDC00646A35 /* GoogleService-Info.plist in Resources */,
				43B7CF6921DD2C4B00F08EDC /* Assets.xcassets in Resources */,
				43B7CF6721DD2C4A00F08EDC /* Main.storyboard in Resources */,
			);
			runOnlyForDeploymentPostprocessing = 0;
		};
		43B7CF7021DD2C4B00F08EDC /* Resources */ = {
			isa = PBXResourcesBuildPhase;
			buildActionMask = 2147483647;
			files = (
				435CBBED21DDCEDC00646A35 /* GoogleService-Info.plist in Resources */,
			);
			runOnlyForDeploymentPostprocessing = 0;
		};
		43B7CF7B21DD2C4B00F08EDC /* Resources */ = {
			isa = PBXResourcesBuildPhase;
			buildActionMask = 2147483647;
			files = (
				435CBBEE21DDCEDC00646A35 /* GoogleService-Info.plist in Resources */,
			);
			runOnlyForDeploymentPostprocessing = 0;
		};
/* End PBXResourcesBuildPhase section */

/* Begin PBXShellScriptBuildPhase section */
		57C8C9ABF2F7CC23954AB3CF /* [CP] Embed Pods Frameworks */ = {
			isa = PBXShellScriptBuildPhase;
			buildActionMask = 2147483647;
			files = (
			);
			inputFileListPaths = (
			);
			inputPaths = (
				"${SRCROOT}/Pods/Target Support Files/Pods-nutesapp/Pods-nutesapp-frameworks.sh",
				"${BUILT_PRODUCTS_DIR}/BoringSSL-GRPC/openssl_grpc.framework",
				"${BUILT_PRODUCTS_DIR}/GTMSessionFetcher/GTMSessionFetcher.framework",
				"${BUILT_PRODUCTS_DIR}/GoogleUtilities/GoogleUtilities.framework",
				"${BUILT_PRODUCTS_DIR}/IGListKit/IGListKit.framework",
				"${BUILT_PRODUCTS_DIR}/Protobuf/Protobuf.framework",
				"${BUILT_PRODUCTS_DIR}/PryntTrimmerView/PryntTrimmerView.framework",
				"${BUILT_PRODUCTS_DIR}/SDWebImage/SDWebImage.framework",
				"${BUILT_PRODUCTS_DIR}/SteviaLayout/Stevia.framework",
				"${BUILT_PRODUCTS_DIR}/YPImagePicker/YPImagePicker.framework",
				"${BUILT_PRODUCTS_DIR}/gRPC-C++/grpcpp.framework",
				"${BUILT_PRODUCTS_DIR}/gRPC-Core/grpc.framework",
				"${BUILT_PRODUCTS_DIR}/leveldb-library/leveldb.framework",
				"${BUILT_PRODUCTS_DIR}/nanopb/nanopb.framework",
			);
			name = "[CP] Embed Pods Frameworks";
			outputFileListPaths = (
			);
			outputPaths = (
				"${TARGET_BUILD_DIR}/${FRAMEWORKS_FOLDER_PATH}/openssl_grpc.framework",
				"${TARGET_BUILD_DIR}/${FRAMEWORKS_FOLDER_PATH}/GTMSessionFetcher.framework",
				"${TARGET_BUILD_DIR}/${FRAMEWORKS_FOLDER_PATH}/GoogleUtilities.framework",
				"${TARGET_BUILD_DIR}/${FRAMEWORKS_FOLDER_PATH}/IGListKit.framework",
				"${TARGET_BUILD_DIR}/${FRAMEWORKS_FOLDER_PATH}/Protobuf.framework",
				"${TARGET_BUILD_DIR}/${FRAMEWORKS_FOLDER_PATH}/PryntTrimmerView.framework",
				"${TARGET_BUILD_DIR}/${FRAMEWORKS_FOLDER_PATH}/SDWebImage.framework",
				"${TARGET_BUILD_DIR}/${FRAMEWORKS_FOLDER_PATH}/Stevia.framework",
				"${TARGET_BUILD_DIR}/${FRAMEWORKS_FOLDER_PATH}/YPImagePicker.framework",
				"${TARGET_BUILD_DIR}/${FRAMEWORKS_FOLDER_PATH}/grpcpp.framework",
				"${TARGET_BUILD_DIR}/${FRAMEWORKS_FOLDER_PATH}/grpc.framework",
				"${TARGET_BUILD_DIR}/${FRAMEWORKS_FOLDER_PATH}/leveldb.framework",
				"${TARGET_BUILD_DIR}/${FRAMEWORKS_FOLDER_PATH}/nanopb.framework",
			);
			runOnlyForDeploymentPostprocessing = 0;
			shellPath = /bin/sh;
			shellScript = "\"${SRCROOT}/Pods/Target Support Files/Pods-nutesapp/Pods-nutesapp-frameworks.sh\"\n";
			showEnvVarsInLog = 0;
		};
		E89CCF2C5F7E9C9E8E8EF4D6 /* [CP] Check Pods Manifest.lock */ = {
			isa = PBXShellScriptBuildPhase;
			buildActionMask = 2147483647;
			files = (
			);
			inputFileListPaths = (
			);
			inputPaths = (
				"${PODS_PODFILE_DIR_PATH}/Podfile.lock",
				"${PODS_ROOT}/Manifest.lock",
			);
			name = "[CP] Check Pods Manifest.lock";
			outputFileListPaths = (
			);
			outputPaths = (
				"$(DERIVED_FILE_DIR)/Pods-nutesapp-checkManifestLockResult.txt",
			);
			runOnlyForDeploymentPostprocessing = 0;
			shellPath = /bin/sh;
			shellScript = "diff \"${PODS_PODFILE_DIR_PATH}/Podfile.lock\" \"${PODS_ROOT}/Manifest.lock\" > /dev/null\nif [ $? != 0 ] ; then\n    # print error to STDERR\n    echo \"error: The sandbox is not in sync with the Podfile.lock. Run 'pod install' or update your CocoaPods installation.\" >&2\n    exit 1\nfi\n# This output is used by Xcode 'outputs' to avoid re-running this script phase.\necho \"SUCCESS\" > \"${SCRIPT_OUTPUT_FILE_0}\"\n";
			showEnvVarsInLog = 0;
		};
/* End PBXShellScriptBuildPhase section */

/* Begin PBXSourcesBuildPhase section */
		43B7CF5A21DD2C4A00F08EDC /* Sources */ = {
			isa = PBXSourcesBuildPhase;
			buildActionMask = 2147483647;
			files = (
				43C1D11C21DE50C4002D720D /* Date + timeAgo.swift in Sources */,
				43C1D11821DE5004002D720D /* Formatter + separator.swift in Sources */,
				43644331220AD3B7003D54D0 /* Loader.swift in Sources */,
				43C58F5D220820550002CF5B /* TimestampCell.swift in Sources */,
				4312A9F02213E481006D6FE9 /* Identifier.swift in Sources */,
				43C1D10621DE4543002D720D /* CommentViewModel.swift in Sources */,
				438E895521E0A7E9006D20D0 /* SearchViewController.swift in Sources */,
				435CBBF521DDD4C300646A35 /* User.swift in Sources */,
				430197A7221182F2009EAC41 /* UITextView + hashtags.swift in Sources */,
				43C1D11A21DE506D002D720D /* ActionTimer.swift in Sources */,
				43C1D11321DE4F17002D720D /* AttributedText.swift in Sources */,
				43C1D0FB21DE2C04002D720D /* FirestoreManager.swift in Sources */,
				435CBBFA21DDD51F00646A35 /* Comment.swift in Sources */,
				43B0693721DE5A1C005387C3 /* createPostViewController.swift in Sources */,
				43AD430521FEF70A003AA749 /* ViewMore.swift in Sources */,
				431BCDAF21F9B72600B8C8A5 /* Router.swift in Sources */,
				43C1D11E21DE50FC002D720D /* UIView + IBInspectables.swift in Sources */,
				439FC52F21E31B6B00EB7954 /* UserHeaderImageCell.swift in Sources */,
				43B7CF6421DD2C4A00F08EDC /* SignUpViewController.swift in Sources */,
				43B7CF6221DD2C4A00F08EDC /* AppDelegate.swift in Sources */,
				43B0693521DE5902005387C3 /* SpinnerCell.swift in Sources */,
				43AD430721FEF9D8003AA749 /* ViewMoreSectionController.swift in Sources */,
				433C58CF21E4DC2300BCD083 /* SearchSectionController.swift in Sources */,
				43C58F5B2208160B0002CF5B /* UIViewController + keyboardNotifs.swift in Sources */,
				430FB34421E3877B003C83D1 /* SearchCell.swift in Sources */,
				43295CED2209F20000F6C74B /* UIViewController + listeners.swift in Sources */,
				43C1D10F21DE4EAB002D720D /* ActionCell.swift in Sources */,
				431BCDB121F9E8E000B8C8A5 /* UserDataViewModel.swift in Sources */,
				439204D421DF2BE10031CFCB /* UITextView + centerVertically.swift in Sources */,
				43CBFBBC21ECCCE600192ADA /* CommentActionCell.swift in Sources */,
				4355B29721EC9299000093EF /* FeedSectionController.swift in Sources */,
				43CBFBC021ECCF8600192ADA /* CommentSectionController.swift in Sources */,
				438E895321E0A7D9006D20D0 /* UserViewController.swift in Sources */,
				431BCDB321F9F77F00B8C8A5 /* UserHeaderDataCell.swift in Sources */,
				439FC53321E31DF900EB7954 /* UserDetailViewModel.swift in Sources */,
				4301BF3221EF758F00CB377C /* DatabaseManager.swift in Sources */,
				43C1D10D21DE4E9D002D720D /* PostHeaderCell.swift in Sources */,
				435CBBF821DDD51000646A35 /* Post.swift in Sources */,
				439FC53521E342FD00EB7954 /* UserBodySectionController.swift in Sources */,
				43CBFBBE21ECCF4D00192ADA /* CommentViewController.swift in Sources */,
				43C1D10221DE450D002D720D /* ImageViewModel.swift in Sources */,
				43C1D0FD21DE394A002D720D /* FeedViewController.swift in Sources */,
				43C1D0FF21DE44B2002D720D /* PostHeaderViewModel.swift in Sources */,
				4364432F220ABEA6003D54D0 /* Observer.swift in Sources */,
				43AD430321FEE9EF003AA749 /* ViewMoreCell.swift in Sources */,
				439FC53121E31CE100EB7954 /* UserHeaderDetailCell.swift in Sources */,
				435883C821E2223E000DA3EE /* UserImageViewModel.swift in Sources */,
				435883C521E21B57000DA3EE /* UserHeaderSectionController.swift in Sources */,
				43C1D10421DE453B002D720D /* ActionViewModel.swift in Sources */,
				431D054721E4D13900C20BC3 /* UserDefaultsManager.swift in Sources */,
				43C58F5F220821700002CF5B /* TimestampViewModel.swift in Sources */,
				43C1D10A21DE4DDA002D720D /* ImageCell.swift in Sources */,
				43C1D11121DE4EB5002D720D /* CommentCell.swift in Sources */,
				43C1D11621DE4F8A002D720D /* NSMutableAttributedString + bold.swift in Sources */,
			);
			runOnlyForDeploymentPostprocessing = 0;
		};
		43B7CF6E21DD2C4B00F08EDC /* Sources */ = {
			isa = PBXSourcesBuildPhase;
			buildActionMask = 2147483647;
			files = (
				43B7CF7721DD2C4B00F08EDC /* nutesappTests.swift in Sources */,
			);
			runOnlyForDeploymentPostprocessing = 0;
		};
		43B7CF7921DD2C4B00F08EDC /* Sources */ = {
			isa = PBXSourcesBuildPhase;
			buildActionMask = 2147483647;
			files = (
				43B7CF8221DD2C4B00F08EDC /* nutesappUITests.swift in Sources */,
			);
			runOnlyForDeploymentPostprocessing = 0;
		};
/* End PBXSourcesBuildPhase section */

/* Begin PBXTargetDependency section */
		43B7CF7421DD2C4B00F08EDC /* PBXTargetDependency */ = {
			isa = PBXTargetDependency;
			target = 43B7CF5D21DD2C4A00F08EDC /* nutesapp */;
			targetProxy = 43B7CF7321DD2C4B00F08EDC /* PBXContainerItemProxy */;
		};
		43B7CF7F21DD2C4B00F08EDC /* PBXTargetDependency */ = {
			isa = PBXTargetDependency;
			target = 43B7CF5D21DD2C4A00F08EDC /* nutesapp */;
			targetProxy = 43B7CF7E21DD2C4B00F08EDC /* PBXContainerItemProxy */;
		};
/* End PBXTargetDependency section */

/* Begin PBXVariantGroup section */
		43B7CF6521DD2C4A00F08EDC /* Main.storyboard */ = {
			isa = PBXVariantGroup;
			children = (
				43B7CF6621DD2C4A00F08EDC /* Base */,
			);
			name = Main.storyboard;
			sourceTree = "<group>";
		};
		43B7CF6A21DD2C4B00F08EDC /* LaunchScreen.storyboard */ = {
			isa = PBXVariantGroup;
			children = (
				43B7CF6B21DD2C4B00F08EDC /* Base */,
			);
			name = LaunchScreen.storyboard;
			sourceTree = "<group>";
		};
/* End PBXVariantGroup section */

/* Begin XCBuildConfiguration section */
		43B7CF8421DD2C4B00F08EDC /* Debug */ = {
			isa = XCBuildConfiguration;
			buildSettings = {
				ALWAYS_SEARCH_USER_PATHS = NO;
				CLANG_ANALYZER_NONNULL = YES;
				CLANG_ANALYZER_NUMBER_OBJECT_CONVERSION = YES_AGGRESSIVE;
				CLANG_CXX_LANGUAGE_STANDARD = "gnu++14";
				CLANG_CXX_LIBRARY = "libc++";
				CLANG_ENABLE_MODULES = YES;
				CLANG_ENABLE_OBJC_ARC = YES;
				CLANG_ENABLE_OBJC_WEAK = YES;
				CLANG_WARN_BLOCK_CAPTURE_AUTORELEASING = YES;
				CLANG_WARN_BOOL_CONVERSION = YES;
				CLANG_WARN_COMMA = YES;
				CLANG_WARN_CONSTANT_CONVERSION = YES;
				CLANG_WARN_DEPRECATED_OBJC_IMPLEMENTATIONS = YES;
				CLANG_WARN_DIRECT_OBJC_ISA_USAGE = YES_ERROR;
				CLANG_WARN_DOCUMENTATION_COMMENTS = YES;
				CLANG_WARN_EMPTY_BODY = YES;
				CLANG_WARN_ENUM_CONVERSION = YES;
				CLANG_WARN_INFINITE_RECURSION = YES;
				CLANG_WARN_INT_CONVERSION = YES;
				CLANG_WARN_NON_LITERAL_NULL_CONVERSION = YES;
				CLANG_WARN_OBJC_IMPLICIT_RETAIN_SELF = YES;
				CLANG_WARN_OBJC_LITERAL_CONVERSION = YES;
				CLANG_WARN_OBJC_ROOT_CLASS = YES_ERROR;
				CLANG_WARN_RANGE_LOOP_ANALYSIS = YES;
				CLANG_WARN_STRICT_PROTOTYPES = YES;
				CLANG_WARN_SUSPICIOUS_MOVE = YES;
				CLANG_WARN_UNGUARDED_AVAILABILITY = YES_AGGRESSIVE;
				CLANG_WARN_UNREACHABLE_CODE = YES;
				CLANG_WARN__DUPLICATE_METHOD_MATCH = YES;
				CODE_SIGN_IDENTITY = "iPhone Developer";
				COPY_PHASE_STRIP = NO;
				DEBUG_INFORMATION_FORMAT = dwarf;
				ENABLE_STRICT_OBJC_MSGSEND = YES;
				ENABLE_TESTABILITY = YES;
				GCC_C_LANGUAGE_STANDARD = gnu11;
				GCC_DYNAMIC_NO_PIC = NO;
				GCC_NO_COMMON_BLOCKS = YES;
				GCC_OPTIMIZATION_LEVEL = 0;
				GCC_PREPROCESSOR_DEFINITIONS = (
					"DEBUG=1",
					"$(inherited)",
				);
				GCC_WARN_64_TO_32_BIT_CONVERSION = YES;
				GCC_WARN_ABOUT_RETURN_TYPE = YES_ERROR;
				GCC_WARN_UNDECLARED_SELECTOR = YES;
				GCC_WARN_UNINITIALIZED_AUTOS = YES_AGGRESSIVE;
				GCC_WARN_UNUSED_FUNCTION = YES;
				GCC_WARN_UNUSED_VARIABLE = YES;
				IPHONEOS_DEPLOYMENT_TARGET = 12.1;
				MTL_ENABLE_DEBUG_INFO = INCLUDE_SOURCE;
				MTL_FAST_MATH = YES;
				ONLY_ACTIVE_ARCH = YES;
				SDKROOT = iphoneos;
				SWIFT_ACTIVE_COMPILATION_CONDITIONS = DEBUG;
				SWIFT_OPTIMIZATION_LEVEL = "-Onone";
			};
			name = Debug;
		};
		43B7CF8521DD2C4B00F08EDC /* Release */ = {
			isa = XCBuildConfiguration;
			buildSettings = {
				ALWAYS_SEARCH_USER_PATHS = NO;
				CLANG_ANALYZER_NONNULL = YES;
				CLANG_ANALYZER_NUMBER_OBJECT_CONVERSION = YES_AGGRESSIVE;
				CLANG_CXX_LANGUAGE_STANDARD = "gnu++14";
				CLANG_CXX_LIBRARY = "libc++";
				CLANG_ENABLE_MODULES = YES;
				CLANG_ENABLE_OBJC_ARC = YES;
				CLANG_ENABLE_OBJC_WEAK = YES;
				CLANG_WARN_BLOCK_CAPTURE_AUTORELEASING = YES;
				CLANG_WARN_BOOL_CONVERSION = YES;
				CLANG_WARN_COMMA = YES;
				CLANG_WARN_CONSTANT_CONVERSION = YES;
				CLANG_WARN_DEPRECATED_OBJC_IMPLEMENTATIONS = YES;
				CLANG_WARN_DIRECT_OBJC_ISA_USAGE = YES_ERROR;
				CLANG_WARN_DOCUMENTATION_COMMENTS = YES;
				CLANG_WARN_EMPTY_BODY = YES;
				CLANG_WARN_ENUM_CONVERSION = YES;
				CLANG_WARN_INFINITE_RECURSION = YES;
				CLANG_WARN_INT_CONVERSION = YES;
				CLANG_WARN_NON_LITERAL_NULL_CONVERSION = YES;
				CLANG_WARN_OBJC_IMPLICIT_RETAIN_SELF = YES;
				CLANG_WARN_OBJC_LITERAL_CONVERSION = YES;
				CLANG_WARN_OBJC_ROOT_CLASS = YES_ERROR;
				CLANG_WARN_RANGE_LOOP_ANALYSIS = YES;
				CLANG_WARN_STRICT_PROTOTYPES = YES;
				CLANG_WARN_SUSPICIOUS_MOVE = YES;
				CLANG_WARN_UNGUARDED_AVAILABILITY = YES_AGGRESSIVE;
				CLANG_WARN_UNREACHABLE_CODE = YES;
				CLANG_WARN__DUPLICATE_METHOD_MATCH = YES;
				CODE_SIGN_IDENTITY = "iPhone Developer";
				COPY_PHASE_STRIP = NO;
				DEBUG_INFORMATION_FORMAT = "dwarf-with-dsym";
				ENABLE_NS_ASSERTIONS = NO;
				ENABLE_STRICT_OBJC_MSGSEND = YES;
				GCC_C_LANGUAGE_STANDARD = gnu11;
				GCC_NO_COMMON_BLOCKS = YES;
				GCC_WARN_64_TO_32_BIT_CONVERSION = YES;
				GCC_WARN_ABOUT_RETURN_TYPE = YES_ERROR;
				GCC_WARN_UNDECLARED_SELECTOR = YES;
				GCC_WARN_UNINITIALIZED_AUTOS = YES_AGGRESSIVE;
				GCC_WARN_UNUSED_FUNCTION = YES;
				GCC_WARN_UNUSED_VARIABLE = YES;
				IPHONEOS_DEPLOYMENT_TARGET = 12.1;
				MTL_ENABLE_DEBUG_INFO = NO;
				MTL_FAST_MATH = YES;
				SDKROOT = iphoneos;
				SWIFT_COMPILATION_MODE = wholemodule;
				SWIFT_OPTIMIZATION_LEVEL = "-O";
				VALIDATE_PRODUCT = YES;
			};
			name = Release;
		};
		43B7CF8721DD2C4B00F08EDC /* Debug */ = {
			isa = XCBuildConfiguration;
			baseConfigurationReference = 5C5FB4C67B21E2162CA727F8 /* Pods-nutesapp.debug.xcconfig */;
			buildSettings = {
				ASSETCATALOG_COMPILER_APPICON_NAME = AppIcon;
				CODE_SIGN_STYLE = Automatic;
				DEVELOPMENT_TEAM = Y86S53Q2FU;
				INFOPLIST_FILE = nutesapp/Info.plist;
				IPHONEOS_DEPLOYMENT_TARGET = 10.0;
				LD_RUNPATH_SEARCH_PATHS = (
					"$(inherited)",
					"@executable_path/Frameworks",
				);
				PRODUCT_BUNDLE_IDENTIFIER = com.garypiong.nutesapp;
				PRODUCT_NAME = "$(TARGET_NAME)";
				SWIFT_VERSION = 4.2;
				TARGETED_DEVICE_FAMILY = 1;
			};
			name = Debug;
		};
		43B7CF8821DD2C4B00F08EDC /* Release */ = {
			isa = XCBuildConfiguration;
			baseConfigurationReference = 0664D9B09A2CBE49341984AE /* Pods-nutesapp.release.xcconfig */;
			buildSettings = {
				ASSETCATALOG_COMPILER_APPICON_NAME = AppIcon;
				CODE_SIGN_STYLE = Automatic;
				DEVELOPMENT_TEAM = Y86S53Q2FU;
				INFOPLIST_FILE = nutesapp/Info.plist;
				IPHONEOS_DEPLOYMENT_TARGET = 10.0;
				LD_RUNPATH_SEARCH_PATHS = (
					"$(inherited)",
					"@executable_path/Frameworks",
				);
				PRODUCT_BUNDLE_IDENTIFIER = com.garypiong.nutesapp;
				PRODUCT_NAME = "$(TARGET_NAME)";
				SWIFT_VERSION = 4.2;
				TARGETED_DEVICE_FAMILY = 1;
			};
			name = Release;
		};
		43B7CF8A21DD2C4B00F08EDC /* Debug */ = {
			isa = XCBuildConfiguration;
			buildSettings = {
				ALWAYS_EMBED_SWIFT_STANDARD_LIBRARIES = YES;
				BUNDLE_LOADER = "$(TEST_HOST)";
				CODE_SIGN_STYLE = Automatic;
				DEVELOPMENT_TEAM = Y86S53Q2FU;
				INFOPLIST_FILE = nutesappTests/Info.plist;
				LD_RUNPATH_SEARCH_PATHS = (
					"$(inherited)",
					"@executable_path/Frameworks",
					"@loader_path/Frameworks",
				);
				PRODUCT_BUNDLE_IDENTIFIER = com.garypiong.nutesappTests;
				PRODUCT_NAME = "$(TARGET_NAME)";
				SWIFT_VERSION = 4.2;
				TARGETED_DEVICE_FAMILY = "1,2";
				TEST_HOST = "$(BUILT_PRODUCTS_DIR)/nutesapp.app/nutesapp";
			};
			name = Debug;
		};
		43B7CF8B21DD2C4B00F08EDC /* Release */ = {
			isa = XCBuildConfiguration;
			buildSettings = {
				ALWAYS_EMBED_SWIFT_STANDARD_LIBRARIES = YES;
				BUNDLE_LOADER = "$(TEST_HOST)";
				CODE_SIGN_STYLE = Automatic;
				DEVELOPMENT_TEAM = Y86S53Q2FU;
				INFOPLIST_FILE = nutesappTests/Info.plist;
				LD_RUNPATH_SEARCH_PATHS = (
					"$(inherited)",
					"@executable_path/Frameworks",
					"@loader_path/Frameworks",
				);
				PRODUCT_BUNDLE_IDENTIFIER = com.garypiong.nutesappTests;
				PRODUCT_NAME = "$(TARGET_NAME)";
				SWIFT_VERSION = 4.2;
				TARGETED_DEVICE_FAMILY = "1,2";
				TEST_HOST = "$(BUILT_PRODUCTS_DIR)/nutesapp.app/nutesapp";
			};
			name = Release;
		};
		43B7CF8D21DD2C4B00F08EDC /* Debug */ = {
			isa = XCBuildConfiguration;
			buildSettings = {
				ALWAYS_EMBED_SWIFT_STANDARD_LIBRARIES = YES;
				CODE_SIGN_STYLE = Automatic;
				DEVELOPMENT_TEAM = Y86S53Q2FU;
				INFOPLIST_FILE = nutesappUITests/Info.plist;
				LD_RUNPATH_SEARCH_PATHS = (
					"$(inherited)",
					"@executable_path/Frameworks",
					"@loader_path/Frameworks",
				);
				PRODUCT_BUNDLE_IDENTIFIER = com.garypiong.nutesappUITests;
				PRODUCT_NAME = "$(TARGET_NAME)";
				SWIFT_VERSION = 4.2;
				TARGETED_DEVICE_FAMILY = "1,2";
				TEST_TARGET_NAME = nutesapp;
			};
			name = Debug;
		};
		43B7CF8E21DD2C4B00F08EDC /* Release */ = {
			isa = XCBuildConfiguration;
			buildSettings = {
				ALWAYS_EMBED_SWIFT_STANDARD_LIBRARIES = YES;
				CODE_SIGN_STYLE = Automatic;
				DEVELOPMENT_TEAM = Y86S53Q2FU;
				INFOPLIST_FILE = nutesappUITests/Info.plist;
				LD_RUNPATH_SEARCH_PATHS = (
					"$(inherited)",
					"@executable_path/Frameworks",
					"@loader_path/Frameworks",
				);
				PRODUCT_BUNDLE_IDENTIFIER = com.garypiong.nutesappUITests;
				PRODUCT_NAME = "$(TARGET_NAME)";
				SWIFT_VERSION = 4.2;
				TARGETED_DEVICE_FAMILY = "1,2";
				TEST_TARGET_NAME = nutesapp;
			};
			name = Release;
		};
/* End XCBuildConfiguration section */

/* Begin XCConfigurationList section */
		43B7CF5921DD2C4A00F08EDC /* Build configuration list for PBXProject "nutesapp" */ = {
			isa = XCConfigurationList;
			buildConfigurations = (
				43B7CF8421DD2C4B00F08EDC /* Debug */,
				43B7CF8521DD2C4B00F08EDC /* Release */,
			);
			defaultConfigurationIsVisible = 0;
			defaultConfigurationName = Release;
		};
		43B7CF8621DD2C4B00F08EDC /* Build configuration list for PBXNativeTarget "nutesapp" */ = {
			isa = XCConfigurationList;
			buildConfigurations = (
				43B7CF8721DD2C4B00F08EDC /* Debug */,
				43B7CF8821DD2C4B00F08EDC /* Release */,
			);
			defaultConfigurationIsVisible = 0;
			defaultConfigurationName = Release;
		};
		43B7CF8921DD2C4B00F08EDC /* Build configuration list for PBXNativeTarget "nutesappTests" */ = {
			isa = XCConfigurationList;
			buildConfigurations = (
				43B7CF8A21DD2C4B00F08EDC /* Debug */,
				43B7CF8B21DD2C4B00F08EDC /* Release */,
			);
			defaultConfigurationIsVisible = 0;
			defaultConfigurationName = Release;
		};
		43B7CF8C21DD2C4B00F08EDC /* Build configuration list for PBXNativeTarget "nutesappUITests" */ = {
			isa = XCConfigurationList;
			buildConfigurations = (
				43B7CF8D21DD2C4B00F08EDC /* Debug */,
				43B7CF8E21DD2C4B00F08EDC /* Release */,
			);
			defaultConfigurationIsVisible = 0;
			defaultConfigurationName = Release;
		};
/* End XCConfigurationList section */
	};
	rootObject = 43B7CF5621DD2C4A00F08EDC /* Project object */;
}
